
Microsoft Visual Studio Solution File, Format Version 12.00
# Visual Studio Version 17
VisualStudioVersion = 17.8.34309.116
MinimumVisualStudioVersion = 10.0.40219.1
Project("{FAE04EC0-301F-11D3-BF4B-00C04F79EFBC}") = "CryptoTracker.Server", "CryptoTracker.Server.csproj", "{8B64A5A2-F98A-4584-AFC6-2985A327AB6B}"
EndProject
Global
	GlobalSection(SolutionConfigurationPlatforms) = preSolution
		Debug|Any CPU = Debug|Any CPU
		Release|Any CPU = Release|Any CPU
	EndGlobalSection
	GlobalSection(ProjectConfigurationPlatforms) = postSolution
		{8B64A5A2-F98A-4584-AFC6-2985A327AB6B}.Debug|Any CPU.ActiveCfg = Debug|Any CPU
		{8B64A5A2-F98A-4584-AFC6-2985A327AB6B}.Debug|Any CPU.Build.0 = Debug|Any CPU
		{8B64A5A2-F98A-4584-AFC6-2985A327AB6B}.Release|Any CPU.ActiveCfg = Release|Any CPU
		{8B64A5A2-F98A-4584-AFC6-2985A327AB6B}.Release|Any CPU.Build.0 = Release|Any CPU
	EndGlobalSection
	GlobalSection(SolutionProperties) = preSolution
		HideSolutionNode = FALSE
	EndGlobalSection
	GlobalSection(ExtensibilityGlobals) = postSolution
		SolutionGuid = {392E5E96-09C4-4B78-AFF8-57321207D1FB}
	EndGlobalSection
EndGlobal
